// !$*UTF8*$!
{
	archiveVersion = 1;
	classes = {
	};
	objectVersion = 55;
	objects = {

/* Begin PBXBuildFile section */
		CB0F6BCE2927DFFE00FA8EFE /* AppDelegate.swift in Sources */ = {isa = PBXBuildFile; fileRef = CB0F6BCD2927DFFE00FA8EFE /* AppDelegate.swift */; };
		CB0F6BD02927DFFE00FA8EFE /* SceneDelegate.swift in Sources */ = {isa = PBXBuildFile; fileRef = CB0F6BCF2927DFFE00FA8EFE /* SceneDelegate.swift */; };
		CB0F6BD22927DFFE00FA8EFE /* ViewController.swift in Sources */ = {isa = PBXBuildFile; fileRef = CB0F6BD12927DFFE00FA8EFE /* ViewController.swift */; };
		CB0F6BD52927DFFE00FA8EFE /* Main.storyboard in Resources */ = {isa = PBXBuildFile; fileRef = CB0F6BD32927DFFE00FA8EFE /* Main.storyboard */; };
		CB0F6BD72927DFFF00FA8EFE /* Assets.xcassets in Resources */ = {isa = PBXBuildFile; fileRef = CB0F6BD62927DFFF00FA8EFE /* Assets.xcassets */; };
		CB0F6BDA2927DFFF00FA8EFE /* LaunchScreen.storyboard in Resources */ = {isa = PBXBuildFile; fileRef = CB0F6BD82927DFFF00FA8EFE /* LaunchScreen.storyboard */; };
		CB0F6BE52927DFFF00FA8EFE /* ReposFetcherTests.swift in Sources */ = {isa = PBXBuildFile; fileRef = CB0F6BE42927DFFF00FA8EFE /* ReposFetcherTests.swift */; };
		CB0F6BEF2927DFFF00FA8EFE /* ReposFetcherUITests.swift in Sources */ = {isa = PBXBuildFile; fileRef = CB0F6BEE2927DFFF00FA8EFE /* ReposFetcherUITests.swift */; };
		CB0F6BF12927DFFF00FA8EFE /* ReposFetcherUITestsLaunchTests.swift in Sources */ = {isa = PBXBuildFile; fileRef = CB0F6BF02927DFFF00FA8EFE /* ReposFetcherUITestsLaunchTests.swift */; };
		CB0F6BFE2927E06100FA8EFE /* ReposTableViewController.swift in Sources */ = {isa = PBXBuildFile; fileRef = CB0F6BFD2927E06100FA8EFE /* ReposTableViewController.swift */; };
/* End PBXBuildFile section */

/* Begin PBXContainerItemProxy section */
		CB0F6BE12927DFFF00FA8EFE /* PBXContainerItemProxy */ = {
			isa = PBXContainerItemProxy;
			containerPortal = CB0F6BC22927DFFE00FA8EFE /* Project object */;
			proxyType = 1;
			remoteGlobalIDString = CB0F6BC92927DFFE00FA8EFE;
			remoteInfo = ReposFetcher;
		};
		CB0F6BEB2927DFFF00FA8EFE /* PBXContainerItemProxy */ = {
			isa = PBXContainerItemProxy;
			containerPortal = CB0F6BC22927DFFE00FA8EFE /* Project object */;
			proxyType = 1;
			remoteGlobalIDString = CB0F6BC92927DFFE00FA8EFE;
			remoteInfo = ReposFetcher;
		};
/* End PBXContainerItemProxy section */

/* Begin PBXFileReference section */
		CB0F6BCA2927DFFE00FA8EFE /* ReposFetcher.app */ = {isa = PBXFileReference; explicitFileType = wrapper.application; includeInIndex = 0; path = ReposFetcher.app; sourceTree = BUILT_PRODUCTS_DIR; };
		CB0F6BCD2927DFFE00FA8EFE /* AppDelegate.swift */ = {isa = PBXFileReference; lastKnownFileType = sourcecode.swift; path = AppDelegate.swift; sourceTree = "<group>"; };
		CB0F6BCF2927DFFE00FA8EFE /* SceneDelegate.swift */ = {isa = PBXFileReference; lastKnownFileType = sourcecode.swift; path = SceneDelegate.swift; sourceTree = "<group>"; };
		CB0F6BD12927DFFE00FA8EFE /* ViewController.swift */ = {isa = PBXFileReference; lastKnownFileType = sourcecode.swift; path = ViewController.swift; sourceTree = "<group>"; };
		CB0F6BD42927DFFE00FA8EFE /* Base */ = {isa = PBXFileReference; lastKnownFileType = file.storyboard; name = Base; path = Base.lproj/Main.storyboard; sourceTree = "<group>"; };
		CB0F6BD62927DFFF00FA8EFE /* Assets.xcassets */ = {isa = PBXFileReference; lastKnownFileType = folder.assetcatalog; path = Assets.xcassets; sourceTree = "<group>"; };
		CB0F6BD92927DFFF00FA8EFE /* Base */ = {isa = PBXFileReference; lastKnownFileType = file.storyboard; name = Base; path = Base.lproj/LaunchScreen.storyboard; sourceTree = "<group>"; };
		CB0F6BDB2927DFFF00FA8EFE /* Info.plist */ = {isa = PBXFileReference; lastKnownFileType = text.plist.xml; path = Info.plist; sourceTree = "<group>"; };
		CB0F6BE02927DFFF00FA8EFE /* ReposFetcherTests.xctest */ = {isa = PBXFileReference; explicitFileType = wrapper.cfbundle; includeInIndex = 0; path = ReposFetcherTests.xctest; sourceTree = BUILT_PRODUCTS_DIR; };
		CB0F6BE42927DFFF00FA8EFE /* ReposFetcherTests.swift */ = {isa = PBXFileReference; lastKnownFileType = sourcecode.swift; path = ReposFetcherTests.swift; sourceTree = "<group>"; };
		CB0F6BEA2927DFFF00FA8EFE /* ReposFetcherUITests.xctest */ = {isa = PBXFileReference; explicitFileType = wrapper.cfbundle; includeInIndex = 0; path = ReposFetcherUITests.xctest; sourceTree = BUILT_PRODUCTS_DIR; };
		CB0F6BEE2927DFFF00FA8EFE /* ReposFetcherUITests.swift */ = {isa = PBXFileReference; lastKnownFileType = sourcecode.swift; path = ReposFetcherUITests.swift; sourceTree = "<group>"; };
		CB0F6BF02927DFFF00FA8EFE /* ReposFetcherUITestsLaunchTests.swift */ = {isa = PBXFileReference; lastKnownFileType = sourcecode.swift; path = ReposFetcherUITestsLaunchTests.swift; sourceTree = "<group>"; };
		CB0F6BFD2927E06100FA8EFE /* ReposTableViewController.swift */ = {isa = PBXFileReference; lastKnownFileType = sourcecode.swift; path = ReposTableViewController.swift; sourceTree = "<group>"; };
/* End PBXFileReference section */

/* Begin PBXFrameworksBuildPhase section */
		CB0F6BC72927DFFE00FA8EFE /* Frameworks */ = {
			isa = PBXFrameworksBuildPhase;
			buildActionMask = 2147483647;
			files = (
			);
			runOnlyForDeploymentPostprocessing = 0;
		};
		CB0F6BDD2927DFFF00FA8EFE /* Frameworks */ = {
			isa = PBXFrameworksBuildPhase;
			buildActionMask = 2147483647;
			files = (
			);
			runOnlyForDeploymentPostprocessing = 0;
		};
		CB0F6BE72927DFFF00FA8EFE /* Frameworks */ = {
			isa = PBXFrameworksBuildPhase;
			buildActionMask = 2147483647;
			files = (
			);
			runOnlyForDeploymentPostprocessing = 0;
		};
/* End PBXFrameworksBuildPhase section */

/* Begin PBXGroup section */
		CB0F6BC12927DFFE00FA8EFE = {
			isa = PBXGroup;
			children = (
				CB0F6BFD2927E06100FA8EFE /* ReposTableViewController.swift */,
				CB0F6BCC2927DFFE00FA8EFE /* ReposFetcher */,
				CB0F6BE32927DFFF00FA8EFE /* ReposFetcherTests */,
				CB0F6BED2927DFFF00FA8EFE /* ReposFetcherUITests */,
				CB0F6BCB2927DFFE00FA8EFE /* Products */,
			);
			sourceTree = "<group>";
		};
		CB0F6BCB2927DFFE00FA8EFE /* Products */ = {
			isa = PBXGroup;
			children = (
				CB0F6BCA2927DFFE00FA8EFE /* ReposFetcher.app */,
				CB0F6BE02927DFFF00FA8EFE /* ReposFetcherTests.xctest */,
				CB0F6BEA2927DFFF00FA8EFE /* ReposFetcherUITests.xctest */,
			);
			name = Products;
			sourceTree = "<group>";
		};
		CB0F6BCC2927DFFE00FA8EFE /* ReposFetcher */ = {
			isa = PBXGroup;
			children = (
				CB0F6BCD2927DFFE00FA8EFE /* AppDelegate.swift */,
				CB0F6BCF2927DFFE00FA8EFE /* SceneDelegate.swift */,
				CB0F6BD12927DFFE00FA8EFE /* ViewController.swift */,
				CB0F6BD32927DFFE00FA8EFE /* Main.storyboard */,
				CB0F6BD62927DFFF00FA8EFE /* Assets.xcassets */,
				CB0F6BD82927DFFF00FA8EFE /* LaunchScreen.storyboard */,
				CB0F6BDB2927DFFF00FA8EFE /* Info.plist */,
			);
			path = ReposFetcher;
			sourceTree = "<group>";
		};
		CB0F6BE32927DFFF00FA8EFE /* ReposFetcherTests */ = {
			isa = PBXGroup;
			children = (
				CB0F6BE42927DFFF00FA8EFE /* ReposFetcherTests.swift */,
			);
			path = ReposFetcherTests;
			sourceTree = "<group>";
		};
		CB0F6BED2927DFFF00FA8EFE /* ReposFetcherUITests */ = {
			isa = PBXGroup;
			children = (
				CB0F6BEE2927DFFF00FA8EFE /* ReposFetcherUITests.swift */,
				CB0F6BF02927DFFF00FA8EFE /* ReposFetcherUITestsLaunchTests.swift */,
			);
			path = ReposFetcherUITests;
			sourceTree = "<group>";
		};
/* End PBXGroup section */

/* Begin PBXNativeTarget section */
		CB0F6BC92927DFFE00FA8EFE /* ReposFetcher */ = {
			isa = PBXNativeTarget;
			buildConfigurationList = CB0F6BF42927DFFF00FA8EFE /* Build configuration list for PBXNativeTarget "ReposFetcher" */;
			buildPhases = (
				CB0F6BC62927DFFE00FA8EFE /* Sources */,
				CB0F6BC72927DFFE00FA8EFE /* Frameworks */,
				CB0F6BC82927DFFE00FA8EFE /* Resources */,
			);
			buildRules = (
			);
			dependencies = (
			);
			name = ReposFetcher;
			productName = ReposFetcher;
			productReference = CB0F6BCA2927DFFE00FA8EFE /* ReposFetcher.app */;
			productType = "com.apple.product-type.application";
		};
		CB0F6BDF2927DFFF00FA8EFE /* ReposFetcherTests */ = {
			isa = PBXNativeTarget;
			buildConfigurationList = CB0F6BF72927DFFF00FA8EFE /* Build configuration list for PBXNativeTarget "ReposFetcherTests" */;
			buildPhases = (
				CB0F6BDC2927DFFF00FA8EFE /* Sources */,
				CB0F6BDD2927DFFF00FA8EFE /* Frameworks */,
				CB0F6BDE2927DFFF00FA8EFE /* Resources */,
			);
			buildRules = (
			);
			dependencies = (
				CB0F6BE22927DFFF00FA8EFE /* PBXTargetDependency */,
			);
			name = ReposFetcherTests;
			productName = ReposFetcherTests;
			productReference = CB0F6BE02927DFFF00FA8EFE /* ReposFetcherTests.xctest */;
			productType = "com.apple.product-type.bundle.unit-test";
		};
		CB0F6BE92927DFFF00FA8EFE /* ReposFetcherUITests */ = {
			isa = PBXNativeTarget;
			buildConfigurationList = CB0F6BFA2927DFFF00FA8EFE /* Build configuration list for PBXNativeTarget "ReposFetcherUITests" */;
			buildPhases = (
				CB0F6BE62927DFFF00FA8EFE /* Sources */,
				CB0F6BE72927DFFF00FA8EFE /* Frameworks */,
				CB0F6BE82927DFFF00FA8EFE /* Resources */,
			);
			buildRules = (
			);
			dependencies = (
				CB0F6BEC2927DFFF00FA8EFE /* PBXTargetDependency */,
			);
			name = ReposFetcherUITests;
			productName = ReposFetcherUITests;
			productReference = CB0F6BEA2927DFFF00FA8EFE /* ReposFetcherUITests.xctest */;
			productType = "com.apple.product-type.bundle.ui-testing";
		};
/* End PBXNativeTarget section */

/* Begin PBXProject section */
		CB0F6BC22927DFFE00FA8EFE /* Project object */ = {
			isa = PBXProject;
			attributes = {
				BuildIndependentTargetsInParallel = 1;
				LastSwiftUpdateCheck = 1340;
				LastUpgradeCheck = 1340;
				TargetAttributes = {
					CB0F6BC92927DFFE00FA8EFE = {
						CreatedOnToolsVersion = 13.4.1;
					};
					CB0F6BDF2927DFFF00FA8EFE = {
						CreatedOnToolsVersion = 13.4.1;
						TestTargetID = CB0F6BC92927DFFE00FA8EFE;
					};
					CB0F6BE92927DFFF00FA8EFE = {
						CreatedOnToolsVersion = 13.4.1;
						TestTargetID = CB0F6BC92927DFFE00FA8EFE;
					};
				};
			};
			buildConfigurationList = CB0F6BC52927DFFE00FA8EFE /* Build configuration list for PBXProject "ReposFetcher" */;
			compatibilityVersion = "Xcode 13.0";
			developmentRegion = en;
			hasScannedForEncodings = 0;
			knownRegions = (
				en,
				Base,
			);
			mainGroup = CB0F6BC12927DFFE00FA8EFE;
			productRefGroup = CB0F6BCB2927DFFE00FA8EFE /* Products */;
			projectDirPath = "";
			projectRoot = "";
			targets = (
				CB0F6BC92927DFFE00FA8EFE /* ReposFetcher */,
				CB0F6BDF2927DFFF00FA8EFE /* ReposFetcherTests */,
				CB0F6BE92927DFFF00FA8EFE /* ReposFetcherUITests */,
			);
		};
/* End PBXProject section */

/* Begin PBXResourcesBuildPhase section */
		CB0F6BC82927DFFE00FA8EFE /* Resources */ = {
			isa = PBXResourcesBuildPhase;
			buildActionMask = 2147483647;
			files = (
				CB0F6BDA2927DFFF00FA8EFE /* LaunchScreen.storyboard in Resources */,
				CB0F6BD72927DFFF00FA8EFE /* Assets.xcassets in Resources */,
				CB0F6BD52927DFFE00FA8EFE /* Main.storyboard in Resources */,
			);
			runOnlyForDeploymentPostprocessing = 0;
		};
		CB0F6BDE2927DFFF00FA8EFE /* Resources */ = {
			isa = PBXResourcesBuildPhase;
			buildActionMask = 2147483647;
			files = (
			);
			runOnlyForDeploymentPostprocessing = 0;
		};
		CB0F6BE82927DFFF00FA8EFE /* Resources */ = {
			isa = PBXResourcesBuildPhase;
			buildActionMask = 2147483647;
			files = (
			);
			runOnlyForDeploymentPostprocessing = 0;
		};
/* End PBXResourcesBuildPhase section */

/* Begin PBXSourcesBuildPhase section */
		CB0F6BC62927DFFE00FA8EFE /* Sources */ = {
			isa = PBXSourcesBuildPhase;
			buildActionMask = 2147483647;
			files = (
				CB0F6BD22927DFFE00FA8EFE /* ViewController.swift in Sources */,
				CB0F6BFE2927E06100FA8EFE /* ReposTableViewController.swift in Sources */,
				CB0F6BCE2927DFFE00FA8EFE /* AppDelegate.swift in Sources */,
				CB0F6BD02927DFFE00FA8EFE /* SceneDelegate.swift in Sources */,
			);
			runOnlyForDeploymentPostprocessing = 0;
		};
		CB0F6BDC2927DFFF00FA8EFE /* Sources */ = {
			isa = PBXSourcesBuildPhase;
			buildActionMask = 2147483647;
			files = (
				CB0F6BE52927DFFF00FA8EFE /* ReposFetcherTests.swift in Sources */,
			);
			runOnlyForDeploymentPostprocessing = 0;
		};
		CB0F6BE62927DFFF00FA8EFE /* Sources */ = {
			isa = PBXSourcesBuildPhase;
			buildActionMask = 2147483647;
			files = (
				CB0F6BF12927DFFF00FA8EFE /* ReposFetcherUITestsLaunchTests.swift in Sources */,
				CB0F6BEF2927DFFF00FA8EFE /* ReposFetcherUITests.swift in Sources */,
			);
			runOnlyForDeploymentPostprocessing = 0;
		};
/* End PBXSourcesBuildPhase section */

/* Begin PBXTargetDependency section */
		CB0F6BE22927DFFF00FA8EFE /* PBXTargetDependency */ = {
			isa = PBXTargetDependency;
			target = CB0F6BC92927DFFE00FA8EFE /* ReposFetcher */;
			targetProxy = CB0F6BE12927DFFF00FA8EFE /* PBXContainerItemProxy */;
		};
		CB0F6BEC2927DFFF00FA8EFE /* PBXTargetDependency */ = {
			isa = PBXTargetDependency;
			target = CB0F6BC92927DFFE00FA8EFE /* ReposFetcher */;
			targetProxy = CB0F6BEB2927DFFF00FA8EFE /* PBXContainerItemProxy */;
		};
/* End PBXTargetDependency section */

/* Begin PBXVariantGroup section */
		CB0F6BD32927DFFE00FA8EFE /* Main.storyboard */ = {
			isa = PBXVariantGroup;
			children = (
				CB0F6BD42927DFFE00FA8EFE /* Base */,
			);
			name = Main.storyboard;
			sourceTree = "<group>";
		};
		CB0F6BD82927DFFF00FA8EFE /* LaunchScreen.storyboard */ = {
			isa = PBXVariantGroup;
			children = (
				CB0F6BD92927DFFF00FA8EFE /* Base */,
			);
			name = LaunchScreen.storyboard;
			sourceTree = "<group>";
		};
/* End PBXVariantGroup section */

/* Begin XCBuildConfiguration section */
		CB0F6BF22927DFFF00FA8EFE /* Debug */ = {
			isa = XCBuildConfiguration;
			buildSettings = {
				ALWAYS_SEARCH_USER_PATHS = NO;
				CLANG_ANALYZER_NONNULL = YES;
				CLANG_ANALYZER_NUMBER_OBJECT_CONVERSION = YES_AGGRESSIVE;
				CLANG_CXX_LANGUAGE_STANDARD = "gnu++17";
				CLANG_ENABLE_MODULES = YES;
				CLANG_ENABLE_OBJC_ARC = YES;
				CLANG_ENABLE_OBJC_WEAK = YES;
				CLANG_WARN_BLOCK_CAPTURE_AUTORELEASING = YES;
				CLANG_WARN_BOOL_CONVERSION = YES;
				CLANG_WARN_COMMA = YES;
				CLANG_WARN_CONSTANT_CONVERSION = YES;
				CLANG_WARN_DEPRECATED_OBJC_IMPLEMENTATIONS = YES;
				CLANG_WARN_DIRECT_OBJC_ISA_USAGE = YES_ERROR;
				CLANG_WARN_DOCUMENTATION_COMMENTS = YES;
				CLANG_WARN_EMPTY_BODY = YES;
				CLANG_WARN_ENUM_CONVERSION = YES;
				CLANG_WARN_INFINITE_RECURSION = YES;
				CLANG_WARN_INT_CONVERSION = YES;
				CLANG_WARN_NON_LITERAL_NULL_CONVERSION = YES;
				CLANG_WARN_OBJC_IMPLICIT_RETAIN_SELF = YES;
				CLANG_WARN_OBJC_LITERAL_CONVERSION = YES;
				CLANG_WARN_OBJC_ROOT_CLASS = YES_ERROR;
				CLANG_WARN_QUOTED_INCLUDE_IN_FRAMEWORK_HEADER = YES;
				CLANG_WARN_RANGE_LOOP_ANALYSIS = YES;
				CLANG_WARN_STRICT_PROTOTYPES = YES;
				CLANG_WARN_SUSPICIOUS_MOVE = YES;
				CLANG_WARN_UNGUARDED_AVAILABILITY = YES_AGGRESSIVE;
				CLANG_WARN_UNREACHABLE_CODE = YES;
				CLANG_WARN__DUPLICATE_METHOD_MATCH = YES;
				COPY_PHASE_STRIP = NO;
				DEBUG_INFORMATION_FORMAT = dwarf;
				ENABLE_STRICT_OBJC_MSGSEND = YES;
				ENABLE_TESTABILITY = YES;
				GCC_C_LANGUAGE_STANDARD = gnu11;
				GCC_DYNAMIC_NO_PIC = NO;
				GCC_NO_COMMON_BLOCKS = YES;
				GCC_OPTIMIZATION_LEVEL = 0;
				GCC_PREPROCESSOR_DEFINITIONS = (
					"DEBUG=1",
					"$(inherited)",
				);
				GCC_WARN_64_TO_32_BIT_CONVERSION = YES;
				GCC_WARN_ABOUT_RETURN_TYPE = YES_ERROR;
				GCC_WARN_UNDECLARED_SELECTOR = YES;
				GCC_WARN_UNINITIALIZED_AUTOS = YES_AGGRESSIVE;
				GCC_WARN_UNUSED_FUNCTION = YES;
				GCC_WARN_UNUSED_VARIABLE = YES;
				IPHONEOS_DEPLOYMENT_TARGET = 15.5;
				MTL_ENABLE_DEBUG_INFO = INCLUDE_SOURCE;
				MTL_FAST_MATH = YES;
				ONLY_ACTIVE_ARCH = YES;
				SDKROOT = iphoneos;
				SWIFT_ACTIVE_COMPILATION_CONDITIONS = DEBUG;
				SWIFT_OPTIMIZATION_LEVEL = "-Onone";
			};
			name = Debug;
		};
		CB0F6BF32927DFFF00FA8EFE /* Release */ = {
			isa = XCBuildConfiguration;
			buildSettings = {
				ALWAYS_SEARCH_USER_PATHS = NO;
				CLANG_ANALYZER_NONNULL = YES;
				CLANG_ANALYZER_NUMBER_OBJECT_CONVERSION = YES_AGGRESSIVE;
				CLANG_CXX_LANGUAGE_STANDARD = "gnu++17";
				CLANG_ENABLE_MODULES = YES;
				CLANG_ENABLE_OBJC_ARC = YES;
				CLANG_ENABLE_OBJC_WEAK = YES;
				CLANG_WARN_BLOCK_CAPTURE_AUTORELEASING = YES;
				CLANG_WARN_BOOL_CONVERSION = YES;
				CLANG_WARN_COMMA = YES;
				CLANG_WARN_CONSTANT_CONVERSION = YES;
				CLANG_WARN_DEPRECATED_OBJC_IMPLEMENTATIONS = YES;
				CLANG_WARN_DIRECT_OBJC_ISA_USAGE = YES_ERROR;
				CLANG_WARN_DOCUMENTATION_COMMENTS = YES;
				CLANG_WARN_EMPTY_BODY = YES;
				CLANG_WARN_ENUM_CONVERSION = YES;
				CLANG_WARN_INFINITE_RECURSION = YES;
				CLANG_WARN_INT_CONVERSION = YES;
				CLANG_WARN_NON_LITERAL_NULL_CONVERSION = YES;
				CLANG_WARN_OBJC_IMPLICIT_RETAIN_SELF = YES;
				CLANG_WARN_OBJC_LITERAL_CONVERSION = YES;
				CLANG_WARN_OBJC_ROOT_CLASS = YES_ERROR;
				CLANG_WARN_QUOTED_INCLUDE_IN_FRAMEWORK_HEADER = YES;
				CLANG_WARN_RANGE_LOOP_ANALYSIS = YES;
				CLANG_WARN_STRICT_PROTOTYPES = YES;
				CLANG_WARN_SUSPICIOUS_MOVE = YES;
				CLANG_WARN_UNGUARDED_AVAILABILITY = YES_AGGRESSIVE;
				CLANG_WARN_UNREACHABLE_CODE = YES;
				CLANG_WARN__DUPLICATE_METHOD_MATCH = YES;
				COPY_PHASE_STRIP = NO;
				DEBUG_INFORMATION_FORMAT = "dwarf-with-dsym";
				ENABLE_NS_ASSERTIONS = NO;
				ENABLE_STRICT_OBJC_MSGSEND = YES;
				GCC_C_LANGUAGE_STANDARD = gnu11;
				GCC_NO_COMMON_BLOCKS = YES;
				GCC_WARN_64_TO_32_BIT_CONVERSION = YES;
				GCC_WARN_ABOUT_RETURN_TYPE = YES_ERROR;
				GCC_WARN_UNDECLARED_SELECTOR = YES;
				GCC_WARN_UNINITIALIZED_AUTOS = YES_AGGRESSIVE;
				GCC_WARN_UNUSED_FUNCTION = YES;
				GCC_WARN_UNUSED_VARIABLE = YES;
				IPHONEOS_DEPLOYMENT_TARGET = 15.5;
				MTL_ENABLE_DEBUG_INFO = NO;
				MTL_FAST_MATH = YES;
				SDKROOT = iphoneos;
				SWIFT_COMPILATION_MODE = wholemodule;
				SWIFT_OPTIMIZATION_LEVEL = "-O";
				VALIDATE_PRODUCT = YES;
			};
			name = Release;
		};
		CB0F6BF52927DFFF00FA8EFE /* Debug */ = {
			isa = XCBuildConfiguration;
			buildSettings = {
				ASSETCATALOG_COMPILER_APPICON_NAME = AppIcon;
				ASSETCATALOG_COMPILER_GLOBAL_ACCENT_COLOR_NAME = AccentColor;
				CODE_SIGN_STYLE = Automatic;
				CURRENT_PROJECT_VERSION = 1;
				DEVELOPMENT_TEAM = KY6368TUNC;
				GENERATE_INFOPLIST_FILE = YES;
				INFOPLIST_FILE = ReposFetcher/Info.plist;
				INFOPLIST_KEY_UIApplicationSupportsIndirectInputEvents = YES;
				INFOPLIST_KEY_UILaunchStoryboardName = LaunchScreen;
				INFOPLIST_KEY_UIMainStoryboardFile = Main;
				INFOPLIST_KEY_UISupportedInterfaceOrientations_iPad = "UIInterfaceOrientationPortrait UIInterfaceOrientationPortraitUpsideDown UIInterfaceOrientationLandscapeLeft UIInterfaceOrientationLandscapeRight";
				INFOPLIST_KEY_UISupportedInterfaceOrientations_iPhone = "UIInterfaceOrientationPortrait UIInterfaceOrientationLandscapeLeft UIInterfaceOrientationLandscapeRight";
				LD_RUNPATH_SEARCH_PATHS = (
					"$(inherited)",
					"@executable_path/Frameworks",
				);
				MARKETING_VERSION = 1.0;
				PRODUCT_BUNDLE_IDENTIFIER = com.saifmustafa.ReposFetcher;
				PRODUCT_NAME = "$(TARGET_NAME)";
				SWIFT_EMIT_LOC_STRINGS = YES;
				SWIFT_VERSION = 5.0;
				TARGETED_DEVICE_FAMILY = "1,2";
			};
			name = Debug;
		};
		CB0F6BF62927DFFF00FA8EFE /* Release */ = {
			isa = XCBuildConfiguration;
			buildSettings = {
				ASSETCATALOG_COMPILER_APPICON_NAME = AppIcon;
				ASSETCATALOG_COMPILER_GLOBAL_ACCENT_COLOR_NAME = AccentColor;
				CODE_SIGN_STYLE = Automatic;
				CURRENT_PROJECT_VERSION = 1;
				DEVELOPMENT_TEAM = KY6368TUNC;
				GENERATE_INFOPLIST_FILE = YES;
				INFOPLIST_FILE = ReposFetcher/Info.plist;
				INFOPLIST_KEY_UIApplicationSupportsIndirectInputEvents = YES;
				INFOPLIST_KEY_UILaunchStoryboardName = LaunchScreen;
				INFOPLIST_KEY_UIMainStoryboardFile = Main;
				INFOPLIST_KEY_UISupportedInterfaceOrientations_iPad = "UIInterfaceOrientationPortrait UIInterfaceOrientationPortraitUpsideDown UIInterfaceOrientationLandscapeLeft UIInterfaceOrientationLandscapeRight";
				INFOPLIST_KEY_UISupportedInterfaceOrientations_iPhone = "UIInterfaceOrientationPortrait UIInterfaceOrientationLandscapeLeft UIInterfaceOrientationLandscapeRight";
				LD_RUNPATH_SEARCH_PATHS = (
					"$(inherited)",
					"@executable_path/Frameworks",
				);
				MARKETING_VERSION = 1.0;
				PRODUCT_BUNDLE_IDENTIFIER = com.saifmustafa.ReposFetcher;
				PRODUCT_NAME = "$(TARGET_NAME)";
				SWIFT_EMIT_LOC_STRINGS = YES;
				SWIFT_VERSION = 5.0;
				TARGETED_DEVICE_FAMILY = "1,2";
			};
			name = Release;
		};
		CB0F6BF82927DFFF00FA8EFE /* Debug */ = {
			isa = XCBuildConfiguration;
			buildSettings = {
				ALWAYS_EMBED_SWIFT_STANDARD_LIBRARIES = YES;
				BUNDLE_LOADER = "$(TEST_HOST)";
				CODE_SIGN_STYLE = Automatic;
				CURRENT_PROJECT_VERSION = 1;
				GENERATE_INFOPLIST_FILE = YES;
				IPHONEOS_DEPLOYMENT_TARGET = 15.5;
				MARKETING_VERSION = 1.0;
				PRODUCT_BUNDLE_IDENTIFIER = com.saifmustafa.ReposFetcherTests;
				PRODUCT_NAME = "$(TARGET_NAME)";
				SWIFT_EMIT_LOC_STRINGS = NO;
				SWIFT_VERSION = 5.0;
				TARGETED_DEVICE_FAMILY = "1,2";
				TEST_HOST = "$(BUILT_PRODUCTS_DIR)/ReposFetcher.app/ReposFetcher";
			};
			name = Debug;
		};
		CB0F6BF92927DFFF00FA8EFE /* Release */ = {
			isa = XCBuildConfiguration;
			buildSettings = {
				ALWAYS_EMBED_SWIFT_STANDARD_LIBRARIES = YES;
				BUNDLE_LOADER = "$(TEST_HOST)";
				CODE_SIGN_STYLE = Automatic;
				CURRENT_PROJECT_VERSION = 1;
				GENERATE_INFOPLIST_FILE = YES;
				IPHONEOS_DEPLOYMENT_TARGET = 15.5;
				MARKETING_VERSION = 1.0;
				PRODUCT_BUNDLE_IDENTIFIER = com.saifmustafa.ReposFetcherTests;
				PRODUCT_NAME = "$(TARGET_NAME)";
				SWIFT_EMIT_LOC_STRINGS = NO;
				SWIFT_VERSION = 5.0;
				TARGETED_DEVICE_FAMILY = "1,2";
				TEST_HOST = "$(BUILT_PRODUCTS_DIR)/ReposFetcher.app/ReposFetcher";
			};
			name = Release;
		};
		CB0F6BFB2927DFFF00FA8EFE /* Debug */ = {
			isa = XCBuildConfiguration;
			buildSettings = {
				ALWAYS_EMBED_SWIFT_STANDARD_LIBRARIES = YES;
				CODE_SIGN_STYLE = Automatic;
				CURRENT_PROJECT_VERSION = 1;
				GENERATE_INFOPLIST_FILE = YES;
				MARKETING_VERSION = 1.0;
				PRODUCT_BUNDLE_IDENTIFIER = com.saifmustafa.ReposFetcherUITests;
				PRODUCT_NAME = "$(TARGET_NAME)";
				SWIFT_EMIT_LOC_STRINGS = NO;
				SWIFT_VERSION = 5.0;
				TARGETED_DEVICE_FAMILY = "1,2";
				TEST_TARGET_NAME = ReposFetcher;
			};
			name = Debug;
		};
		CB0F6BFC2927DFFF00FA8EFE /* Release */ = {
			isa = XCBuildConfiguration;
			buildSettings = {
				ALWAYS_EMBED_SWIFT_STANDARD_LIBRARIES = YES;
				CODE_SIGN_STYLE = Automatic;
				CURRENT_PROJECT_VERSION = 1;
				GENERATE_INFOPLIST_FILE = YES;
				MARKETING_VERSION = 1.0;
				PRODUCT_BUNDLE_IDENTIFIER = com.saifmustafa.ReposFetcherUITests;
				PRODUCT_NAME = "$(TARGET_NAME)";
				SWIFT_EMIT_LOC_STRINGS = NO;
				SWIFT_VERSION = 5.0;
				TARGETED_DEVICE_FAMILY = "1,2";
				TEST_TARGET_NAME = ReposFetcher;
			};
			name = Release;
		};
/* End XCBuildConfiguration section */

/* Begin XCConfigurationList section */
		CB0F6BC52927DFFE00FA8EFE /* Build configuration list for PBXProject "ReposFetcher" */ = {
			isa = XCConfigurationList;
			buildConfigurations = (
				CB0F6BF22927DFFF00FA8EFE /* Debug */,
				CB0F6BF32927DFFF00FA8EFE /* Release */,
			);
			defaultConfigurationIsVisible = 0;
			defaultConfigurationName = Release;
		};
		CB0F6BF42927DFFF00FA8EFE /* Build configuration list for PBXNativeTarget "ReposFetcher" */ = {
			isa = XCConfigurationList;
			buildConfigurations = (
				CB0F6BF52927DFFF00FA8EFE /* Debug */,
				CB0F6BF62927DFFF00FA8EFE /* Release */,
			);
			defaultConfigurationIsVisible = 0;
			defaultConfigurationName = Release;
		};
		CB0F6BF72927DFFF00FA8EFE /* Build configuration list for PBXNativeTarget "ReposFetcherTests" */ = {
			isa = XCConfigurationList;
			buildConfigurations = (
				CB0F6BF82927DFFF00FA8EFE /* Debug */,
				CB0F6BF92927DFFF00FA8EFE /* Release */,
			);
			defaultConfigurationIsVisible = 0;
			defaultConfigurationName = Release;
		};
		CB0F6BFA2927DFFF00FA8EFE /* Build configuration list for PBXNativeTarget "ReposFetcherUITests" */ = {
			isa = XCConfigurationList;
			buildConfigurations = (
				CB0F6BFB2927DFFF00FA8EFE /* Debug */,
				CB0F6BFC2927DFFF00FA8EFE /* Release */,
			);
			defaultConfigurationIsVisible = 0;
			defaultConfigurationName = Release;
		};
/* End XCConfigurationList section */
	};
	rootObject = CB0F6BC22927DFFE00FA8EFE /* Project object */;
}
